
Microsoft Visual Studio Solution File, Format Version 12.00
# Visual Studio Version 16
VisualStudioVersion = 16.0.32802.440
MinimumVisualStudioVersion = 10.0.40219.1
Project("{FAE04EC0-301F-11D3-BF4B-00C04F79EFBC}") = "QLSV", "QLSV.csproj", "{9FF1652A-ED04-4A39-8D83-25268A7EA045}"
EndProject
Global
	GlobalSection(SolutionConfigurationPlatforms) = preSolution
		Debug|Any CPU = Debug|Any CPU
		Release|Any CPU = Release|Any CPU
	EndGlobalSection
	GlobalSection(ProjectConfigurationPlatforms) = postSolution
		{9FF1652A-ED04-4A39-8D83-25268A7EA045}.Debug|Any CPU.ActiveCfg = Debug|Any CPU
		{9FF1652A-ED04-4A39-8D83-25268A7EA045}.Debug|Any CPU.Build.0 = Debug|Any CPU
		{9FF1652A-ED04-4A39-8D83-25268A7EA045}.Release|Any CPU.ActiveCfg = Release|Any CPU
		{9FF1652A-ED04-4A39-8D83-25268A7EA045}.Release|Any CPU.Build.0 = Release|Any CPU
	EndGlobalSection
	GlobalSection(SolutionProperties) = preSolution
		HideSolutionNode = FALSE
	EndGlobalSection
	GlobalSection(ExtensibilityGlobals) = postSolution
		SolutionGuid = {B4726E1F-A182-41EA-9CA6-4D6F63469FE1}
	EndGlobalSection
EndGlobal
